
Microsoft Visual Studio Solution File, Format Version 12.00
# Visual Studio Version 16
VisualStudioVersion = 16.6.30114.105
MinimumVisualStudioVersion = 10.0.40219.1
Project("{2150E333-8FDC-42A3-9474-1A3956D46DE8}") = "src", "src", "{747F3C88-0EC7-4B30-8E35-8963030211A3}"
EndProject
Project("{9A19103F-16F7-4668-BE54-9A1E7A4F7556}") = "AutoConstructor.Generator", "src\AutoConstructor.Generator\AutoConstructor.Generator.csproj", "{65E0F9B9-7DE1-4581-8C3B-0344DC64FE21}"
EndProject
Project("{9A19103F-16F7-4668-BE54-9A1E7A4F7556}") = "AutoConstructor.Sample", "src\AutoConstructor.Sample\AutoConstructor.Sample.csproj", "{ED77B6C6-159B-41A3-B9C9-172903EC0A93}"
EndProject
Global
	GlobalSection(SolutionConfigurationPlatforms) = preSolution
		Debug|Any CPU = Debug|Any CPU
		Debug|x64 = Debug|x64
		Debug|x86 = Debug|x86
		Release|Any CPU = Release|Any CPU
		Release|x64 = Release|x64
		Release|x86 = Release|x86
	EndGlobalSection
	GlobalSection(ProjectConfigurationPlatforms) = postSolution
		{65E0F9B9-7DE1-4581-8C3B-0344DC64FE21}.Debug|Any CPU.ActiveCfg = Debug|Any CPU
		{65E0F9B9-7DE1-4581-8C3B-0344DC64FE21}.Debug|Any CPU.Build.0 = Debug|Any CPU
		{65E0F9B9-7DE1-4581-8C3B-0344DC64FE21}.Debug|x64.ActiveCfg = Debug|Any CPU
		{65E0F9B9-7DE1-4581-8C3B-0344DC64FE21}.Debug|x64.Build.0 = Debug|Any CPU
		{65E0F9B9-7DE1-4581-8C3B-0344DC64FE21}.Debug|x86.ActiveCfg = Debug|Any CPU
		{65E0F9B9-7DE1-4581-8C3B-0344DC64FE21}.Debug|x86.Build.0 = Debug|Any CPU
		{65E0F9B9-7DE1-4581-8C3B-0344DC64FE21}.Release|Any CPU.ActiveCfg = Release|Any CPU
		{65E0F9B9-7DE1-4581-8C3B-0344DC64FE21}.Release|Any CPU.Build.0 = Release|Any CPU
		{65E0F9B9-7DE1-4581-8C3B-0344DC64FE21}.Release|x64.ActiveCfg = Release|Any CPU
		{65E0F9B9-7DE1-4581-8C3B-0344DC64FE21}.Release|x64.Build.0 = Release|Any CPU
		{65E0F9B9-7DE1-4581-8C3B-0344DC64FE21}.Release|x86.ActiveCfg = Release|Any CPU
		{65E0F9B9-7DE1-4581-8C3B-0344DC64FE21}.Release|x86.Build.0 = Release|Any CPU
		{ED77B6C6-159B-41A3-B9C9-172903EC0A93}.Debug|Any CPU.ActiveCfg = Debug|Any CPU
		{ED77B6C6-159B-41A3-B9C9-172903EC0A93}.Debug|Any CPU.Build.0 = Debug|Any CPU
		{ED77B6C6-159B-41A3-B9C9-172903EC0A93}.Debug|x64.ActiveCfg = Debug|Any CPU
		{ED77B6C6-159B-41A3-B9C9-172903EC0A93}.Debug|x64.Build.0 = Debug|Any CPU
		{ED77B6C6-159B-41A3-B9C9-172903EC0A93}.Debug|x86.ActiveCfg = Debug|Any CPU
		{ED77B6C6-159B-41A3-B9C9-172903EC0A93}.Debug|x86.Build.0 = Debug|Any CPU
		{ED77B6C6-159B-41A3-B9C9-172903EC0A93}.Release|Any CPU.ActiveCfg = Release|Any CPU
		{ED77B6C6-159B-41A3-B9C9-172903EC0A93}.Release|Any CPU.Build.0 = Release|Any CPU
		{ED77B6C6-159B-41A3-B9C9-172903EC0A93}.Release|x64.ActiveCfg = Release|Any CPU
		{ED77B6C6-159B-41A3-B9C9-172903EC0A93}.Release|x64.Build.0 = Release|Any CPU
		{ED77B6C6-159B-41A3-B9C9-172903EC0A93}.Release|x86.ActiveCfg = Release|Any CPU
		{ED77B6C6-159B-41A3-B9C9-172903EC0A93}.Release|x86.Build.0 = Release|Any CPU
	EndGlobalSection
	GlobalSection(SolutionProperties) = preSolution
		HideSolutionNode = FALSE
	EndGlobalSection
	GlobalSection(NestedProjects) = preSolution
		{65E0F9B9-7DE1-4581-8C3B-0344DC64FE21} = {747F3C88-0EC7-4B30-8E35-8963030211A3}
		{ED77B6C6-159B-41A3-B9C9-172903EC0A93} = {747F3C88-0EC7-4B30-8E35-8963030211A3}
	EndGlobalSection
	GlobalSection(ExtensibilityGlobals) = postSolution
		SolutionGuid = {25D1C51E-5495-4B38-AE47-DB3A7585043E}
	EndGlobalSection
EndGlobal
